# This file is automatically @generated by Cargo.
# It is not intended for manual editing.
[[package]]
name = "byteorder"
version = "1.3.2"
source = "registry+https://github.com/rust-lang/crates.io-index"

[[package]]
name = "embedded-graphics"
version = "0.4.9"
source = "registry+https://github.com/rust-lang/crates.io-index"
dependencies = [
 "tinybmp 0.1.0 (registry+https://github.com/rust-lang/crates.io-index)",
 "tinytga 0.1.0 (registry+https://github.com/rust-lang/crates.io-index)",
]

[[package]]
name = "embedded-graphics"
version = "0.6.0-alpha.2"
source = "registry+https://github.com/rust-lang/crates.io-index"
dependencies = [
 "byteorder 1.3.2 (registry+https://github.com/rust-lang/crates.io-index)",
]

[[package]]
name = "embedded-hal"
version = "0.2.3"
source = "registry+https://github.com/rust-lang/crates.io-index"
dependencies = [
 "nb 0.1.2 (registry+https://github.com/rust-lang/crates.io-index)",
 "void 1.0.2 (registry+https://github.com/rust-lang/crates.io-index)",
]

[[package]]
name = "memchr"
version = "2.2.1"
source = "registry+https://github.com/rust-lang/crates.io-index"

[[package]]
name = "nb"
version = "0.1.2"
source = "registry+https://github.com/rust-lang/crates.io-index"

[[package]]
name = "nom"
version = "4.2.3"
source = "registry+https://github.com/rust-lang/crates.io-index"
dependencies = [
 "memchr 2.2.1 (registry+https://github.com/rust-lang/crates.io-index)",
 "version_check 0.1.5 (registry+https://github.com/rust-lang/crates.io-index)",
]

[[package]]
name = "oled"
version = "0.1.0"
dependencies = [
 "embedded-graphics 0.6.0-alpha.2 (registry+https://github.com/rust-lang/crates.io-index)",
 "sh1106 0.2.0 (registry+https://github.com/rust-lang/crates.io-index)",
]

[[package]]
name = "sh1106"
version = "0.2.0"
source = "registry+https://github.com/rust-lang/crates.io-index"
dependencies = [
 "embedded-graphics 0.4.9 (registry+https://github.com/rust-lang/crates.io-index)",
 "embedded-hal 0.2.3 (registry+https://github.com/rust-lang/crates.io-index)",
]

[[package]]
name = "tinybmp"
version = "0.1.0"
source = "registry+https://github.com/rust-lang/crates.io-index"
dependencies = [
 "nom 4.2.3 (registry+https://github.com/rust-lang/crates.io-index)",
]

[[package]]
name = "tinytga"
version = "0.1.0"
source = "registry+https://github.com/rust-lang/crates.io-index"
dependencies = [
 "nom 4.2.3 (registry+https://github.com/rust-lang/crates.io-index)",
]

[[package]]
name = "version_check"
version = "0.1.5"
source = "registry+https://github.com/rust-lang/crates.io-index"

[[package]]
name = "void"
version = "1.0.2"
source = "registry+https://github.com/rust-lang/crates.io-index"

[metadata]
"checksum byteorder 1.3.2 (registry+https://github.com/rust-lang/crates.io-index)" = "a7c3dd8985a7111efc5c80b44e23ecdd8c007de8ade3b96595387e812b957cf5"
"checksum embedded-graphics 0.4.9 (registry+https://github.com/rust-lang/crates.io-index)" = "b2e7ee289ac88cbeea6f749cd72c6eb4cdeb801f4ea26795aace97b9776a2db2"
"checksum embedded-graphics 0.6.0-alpha.2 (registry+https://github.com/rust-lang/crates.io-index)" = "5e784539ee7c085de51439a0a584d11d0f4ab20baf86aa83de6bb8d0f401e6b4"
"checksum embedded-hal 0.2.3 (registry+https://github.com/rust-lang/crates.io-index)" = "ee4908a155094da7723c2d60d617b820061e3b4efcc3d9e293d206a5a76c170b"
"checksum memchr 2.2.1 (registry+https://github.com/rust-lang/crates.io-index)" = "88579771288728879b57485cc7d6b07d648c9f0141eb955f8ab7f9d45394468e"
"checksum nb 0.1.2 (registry+https://github.com/rust-lang/crates.io-index)" = "b1411551beb3c11dedfb0a90a0fa256b47d28b9ec2cdff34c25a2fa59e45dbdc"
"checksum nom 4.2.3 (registry+https://github.com/rust-lang/crates.io-index)" = "2ad2a91a8e869eeb30b9cb3119ae87773a8f4ae617f41b1eb9c154b2905f7bd6"
"checksum sh1106 0.2.0 (registry+https://github.com/rust-lang/crates.io-index)" = "9f4fda3b6246aaf55a83528e0708a8d89b2f5b16c30a083990f9af0d9217597f"
"checksum tinybmp 0.1.0 (registry+https://github.com/rust-lang/crates.io-index)" = "503e3fde7e36b1aa2345af8a3af0086c9b01d9db07b24f3fb0aab07316b9fa10"
"checksum tinytga 0.1.0 (registry+https://github.com/rust-lang/crates.io-index)" = "dc9485052c1f4b541d888f1d564dd9957671e0c21da9bca0c9824c1123e03f07"
"checksum version_check 0.1.5 (registry+https://github.com/rust-lang/crates.io-index)" = "914b1a6776c4c929a602fafd8bc742e06365d4bcbe48c30f9cca5824f70dc9dd"
"checksum void 1.0.2 (registry+https://github.com/rust-lang/crates.io-index)" = "6a02e4885ed3bc0f2de90ea6dd45ebcbb66dacffe03547fadbb0eeae2770887d"
